
Microsoft Visual Studio Solution File, Format Version 12.00
# Visual Studio Version 16
VisualStudioVersion = 16.0.32510.428
MinimumVisualStudioVersion = 10.0.40219.1
Project("{FAE04EC0-301F-11D3-BF4B-00C04F79EFBC}") = "chesterBackendNet31", "chesterBackendNet31.csproj", "{975FEE82-DCAF-4D51-821C-721C5559BE51}"
EndProject
Global
	GlobalSection(SolutionConfigurationPlatforms) = preSolution
		Debug|Any CPU = Debug|Any CPU
		Release|Any CPU = Release|Any CPU
	EndGlobalSection
	GlobalSection(ProjectConfigurationPlatforms) = postSolution
		{975FEE82-DCAF-4D51-821C-721C5559BE51}.Debug|Any CPU.ActiveCfg = Debug|Any CPU
		{975FEE82-DCAF-4D51-821C-721C5559BE51}.Debug|Any CPU.Build.0 = Debug|Any CPU
		{975FEE82-DCAF-4D51-821C-721C5559BE51}.Release|Any CPU.ActiveCfg = Release|Any CPU
		{975FEE82-DCAF-4D51-821C-721C5559BE51}.Release|Any CPU.Build.0 = Release|Any CPU
	EndGlobalSection
	GlobalSection(SolutionProperties) = preSolution
		HideSolutionNode = FALSE
	EndGlobalSection
	GlobalSection(ExtensibilityGlobals) = postSolution
		SolutionGuid = {134D80E0-E2FF-450F-935F-4550C38B2B8A}
	EndGlobalSection
EndGlobal
